
Microsoft Visual Studio Solution File, Format Version 12.00
# Visual Studio Version 16
VisualStudioVersion = 16.0.30114.105
MinimumVisualStudioVersion = 10.0.40219.1
Project("{FAE04EC0-301F-11D3-BF4B-00C04F79EFBC}") = "Core", "Core\Core.csproj", "{1CD5DC8B-C929-4E2D-A6BC-97D2F00BA12F}"
EndProject
Project("{FAE04EC0-301F-11D3-BF4B-00C04F79EFBC}") = "Core-Unittest", "Core-Unittest\Core-Unittest.csproj", "{09F0106F-FE7B-4206-97A1-AF057E00701B}"
EndProject
Project("{FAE04EC0-301F-11D3-BF4B-00C04F79EFBC}") = "WebSocketServer", "WebSocketServer\WebSocketServer.csproj", "{3CC34BD2-B284-4CD1-8B6A-178198AD8F90}"
EndProject
Global
	GlobalSection(SolutionConfigurationPlatforms) = preSolution
		Debug|Any CPU = Debug|Any CPU
		Debug|x64 = Debug|x64
		Debug|x86 = Debug|x86
		Release|Any CPU = Release|Any CPU
		Release|x64 = Release|x64
		Release|x86 = Release|x86
	EndGlobalSection
	GlobalSection(SolutionProperties) = preSolution
		HideSolutionNode = FALSE
	EndGlobalSection
	GlobalSection(ProjectConfigurationPlatforms) = postSolution
		{1CD5DC8B-C929-4E2D-A6BC-97D2F00BA12F}.Debug|Any CPU.ActiveCfg = Debug|Any CPU
		{1CD5DC8B-C929-4E2D-A6BC-97D2F00BA12F}.Debug|Any CPU.Build.0 = Debug|Any CPU
		{1CD5DC8B-C929-4E2D-A6BC-97D2F00BA12F}.Debug|x64.ActiveCfg = Debug|Any CPU
		{1CD5DC8B-C929-4E2D-A6BC-97D2F00BA12F}.Debug|x64.Build.0 = Debug|Any CPU
		{1CD5DC8B-C929-4E2D-A6BC-97D2F00BA12F}.Debug|x86.ActiveCfg = Debug|Any CPU
		{1CD5DC8B-C929-4E2D-A6BC-97D2F00BA12F}.Debug|x86.Build.0 = Debug|Any CPU
		{1CD5DC8B-C929-4E2D-A6BC-97D2F00BA12F}.Release|Any CPU.ActiveCfg = Release|Any CPU
		{1CD5DC8B-C929-4E2D-A6BC-97D2F00BA12F}.Release|Any CPU.Build.0 = Release|Any CPU
		{1CD5DC8B-C929-4E2D-A6BC-97D2F00BA12F}.Release|x64.ActiveCfg = Release|Any CPU
		{1CD5DC8B-C929-4E2D-A6BC-97D2F00BA12F}.Release|x64.Build.0 = Release|Any CPU
		{1CD5DC8B-C929-4E2D-A6BC-97D2F00BA12F}.Release|x86.ActiveCfg = Release|Any CPU
		{1CD5DC8B-C929-4E2D-A6BC-97D2F00BA12F}.Release|x86.Build.0 = Release|Any CPU
		{09F0106F-FE7B-4206-97A1-AF057E00701B}.Debug|Any CPU.ActiveCfg = Debug|Any CPU
		{09F0106F-FE7B-4206-97A1-AF057E00701B}.Debug|Any CPU.Build.0 = Debug|Any CPU
		{09F0106F-FE7B-4206-97A1-AF057E00701B}.Debug|x64.ActiveCfg = Debug|Any CPU
		{09F0106F-FE7B-4206-97A1-AF057E00701B}.Debug|x64.Build.0 = Debug|Any CPU
		{09F0106F-FE7B-4206-97A1-AF057E00701B}.Debug|x86.ActiveCfg = Debug|Any CPU
		{09F0106F-FE7B-4206-97A1-AF057E00701B}.Debug|x86.Build.0 = Debug|Any CPU
		{09F0106F-FE7B-4206-97A1-AF057E00701B}.Release|Any CPU.ActiveCfg = Release|Any CPU
		{09F0106F-FE7B-4206-97A1-AF057E00701B}.Release|Any CPU.Build.0 = Release|Any CPU
		{09F0106F-FE7B-4206-97A1-AF057E00701B}.Release|x64.ActiveCfg = Release|Any CPU
		{09F0106F-FE7B-4206-97A1-AF057E00701B}.Release|x64.Build.0 = Release|Any CPU
		{09F0106F-FE7B-4206-97A1-AF057E00701B}.Release|x86.ActiveCfg = Release|Any CPU
		{09F0106F-FE7B-4206-97A1-AF057E00701B}.Release|x86.Build.0 = Release|Any CPU
		{3CC34BD2-B284-4CD1-8B6A-178198AD8F90}.Debug|Any CPU.ActiveCfg = Debug|Any CPU
		{3CC34BD2-B284-4CD1-8B6A-178198AD8F90}.Debug|Any CPU.Build.0 = Debug|Any CPU
		{3CC34BD2-B284-4CD1-8B6A-178198AD8F90}.Debug|x64.ActiveCfg = Debug|Any CPU
		{3CC34BD2-B284-4CD1-8B6A-178198AD8F90}.Debug|x64.Build.0 = Debug|Any CPU
		{3CC34BD2-B284-4CD1-8B6A-178198AD8F90}.Debug|x86.ActiveCfg = Debug|Any CPU
		{3CC34BD2-B284-4CD1-8B6A-178198AD8F90}.Debug|x86.Build.0 = Debug|Any CPU
		{3CC34BD2-B284-4CD1-8B6A-178198AD8F90}.Release|Any CPU.ActiveCfg = Release|Any CPU
		{3CC34BD2-B284-4CD1-8B6A-178198AD8F90}.Release|Any CPU.Build.0 = Release|Any CPU
		{3CC34BD2-B284-4CD1-8B6A-178198AD8F90}.Release|x64.ActiveCfg = Release|Any CPU
		{3CC34BD2-B284-4CD1-8B6A-178198AD8F90}.Release|x64.Build.0 = Release|Any CPU
		{3CC34BD2-B284-4CD1-8B6A-178198AD8F90}.Release|x86.ActiveCfg = Release|Any CPU
		{3CC34BD2-B284-4CD1-8B6A-178198AD8F90}.Release|x86.Build.0 = Release|Any CPU
	EndGlobalSection
EndGlobal
